
Microsoft Visual Studio Solution File, Format Version 12.00
# Visual Studio 2017
Project("{FAE04EC0-301F-11D3-BF4B-00C04F79EFBC}") = "104_ZombieRunner", "104_ZombieRunner.csproj", "{3E8A54A7-69E7-525A-4BD2-CFAD03DFD03F}"
EndProject
Project("{FAE04EC0-301F-11D3-BF4B-00C04F79EFBC}") = "104_ZombieRunner.Editor", "104_ZombieRunner.Editor.csproj", "{6C7BDD02-8B06-AAE5-58D3-3D05062E10A6}"
EndProject
Global
	GlobalSection(SolutionConfigurationPlatforms) = preSolution
		Debug|Any CPU = Debug|Any CPU
		Release|Any CPU = Release|Any CPU
	EndGlobalSection
	GlobalSection(ProjectConfigurationPlatforms) = postSolution
		{3E8A54A7-69E7-525A-4BD2-CFAD03DFD03F}.Debug|Any CPU.ActiveCfg = Debug|Any CPU
		{3E8A54A7-69E7-525A-4BD2-CFAD03DFD03F}.Debug|Any CPU.Build.0 = Debug|Any CPU
		{3E8A54A7-69E7-525A-4BD2-CFAD03DFD03F}.Release|Any CPU.ActiveCfg = Release|Any CPU
		{3E8A54A7-69E7-525A-4BD2-CFAD03DFD03F}.Release|Any CPU.Build.0 = Release|Any CPU
		{6C7BDD02-8B06-AAE5-58D3-3D05062E10A6}.Debug|Any CPU.ActiveCfg = Debug|Any CPU
		{6C7BDD02-8B06-AAE5-58D3-3D05062E10A6}.Debug|Any CPU.Build.0 = Debug|Any CPU
		{6C7BDD02-8B06-AAE5-58D3-3D05062E10A6}.Release|Any CPU.ActiveCfg = Release|Any CPU
		{6C7BDD02-8B06-AAE5-58D3-3D05062E10A6}.Release|Any CPU.Build.0 = Release|Any CPU
	EndGlobalSection
	GlobalSection(SolutionProperties) = preSolution
		HideSolutionNode = FALSE
	EndGlobalSection
EndGlobal
